
Microsoft Visual Studio Solution File, Format Version 12.00
# Visual Studio Version 16
VisualStudioVersion = 16.0.30114.105
MinimumVisualStudioVersion = 10.0.40219.1
Project("{2150E333-8FDC-42A3-9474-1A3956D46DE8}") = "src", "src", "{31D4F8AF-532B-4DDF-BBA3-FD9B4C8FDA73}"
EndProject
Project("{F2A71F9B-5D33-465A-A702-920D77279786}") = "Ionide.KeepAChangelog.Tasks", "src\Ionide.KeepAChangelog.Tasks.fsproj", "{6CCAEBD2-9EE9-4540-AECF-02F0221B9C87}"
EndProject
Project("{F2A71F9B-5D33-465A-A702-920D77279786}") = "Ionide.KeepAChangelog.Tasks.Test", "tests\Ionide.KeepAChangelog.Tasks.Test.fsproj", "{6456526B-A0F6-4998-A57A-772A055DF8AD}"
EndProject
Global
	GlobalSection(SolutionConfigurationPlatforms) = preSolution
		Debug|Any CPU = Debug|Any CPU
		Release|Any CPU = Release|Any CPU
	EndGlobalSection
	GlobalSection(SolutionProperties) = preSolution
		HideSolutionNode = FALSE
	EndGlobalSection
	GlobalSection(ProjectConfigurationPlatforms) = postSolution
		{6CCAEBD2-9EE9-4540-AECF-02F0221B9C87}.Debug|Any CPU.ActiveCfg = Debug|Any CPU
		{6CCAEBD2-9EE9-4540-AECF-02F0221B9C87}.Debug|Any CPU.Build.0 = Debug|Any CPU
		{6CCAEBD2-9EE9-4540-AECF-02F0221B9C87}.Release|Any CPU.ActiveCfg = Release|Any CPU
		{6CCAEBD2-9EE9-4540-AECF-02F0221B9C87}.Release|Any CPU.Build.0 = Release|Any CPU
		{6456526B-A0F6-4998-A57A-772A055DF8AD}.Debug|Any CPU.ActiveCfg = Debug|Any CPU
		{6456526B-A0F6-4998-A57A-772A055DF8AD}.Debug|Any CPU.Build.0 = Debug|Any CPU
		{6456526B-A0F6-4998-A57A-772A055DF8AD}.Release|Any CPU.ActiveCfg = Release|Any CPU
		{6456526B-A0F6-4998-A57A-772A055DF8AD}.Release|Any CPU.Build.0 = Release|Any CPU
	EndGlobalSection
	GlobalSection(NestedProjects) = preSolution
		{6CCAEBD2-9EE9-4540-AECF-02F0221B9C87} = {31D4F8AF-532B-4DDF-BBA3-FD9B4C8FDA73}
	EndGlobalSection
EndGlobal
