{
  "version": 2,
  "dependencies": {
    "net8.0": {
      "EasyBuild.FileSystemProvider": {
        "type": "Direct",
        "requested": "[0.3.0, )",
        "resolved": "0.3.0",
        "contentHash": "gdVJpqcMDJm4IfmITy3MtpEn/lo9pH8PirVlENtXGX9Sdw3rCgoo9ch1TAthUseh28RcUGWwza9BmEWlrQX/Aw=="
      },
      "Fixie.TestAdapter": {
        "type": "Direct",
        "requested": "[3.4.0, )",
        "resolved": "3.4.0",
        "contentHash": "KQBF/t82Ax/09CuF4GuYOCshfA72YGvMh3t8EGLeqsCLdZmWhR6Lz0IIsbDkS9DrECK7l03WTufHe0D7Mq6WBw==",
        "dependencies": {
          "Fixie": "[3.4.0]",
          "Microsoft.NET.Test.Sdk": "17.8.0",
          "Mono.Cecil": "0.11.5"
        }
      },
      "FSharp.Core": {
        "type": "Direct",
        "requested": "[7.0.300, )",
        "resolved": "7.0.300",
        "contentHash": "8vvItREJ1l5lcp3vBCSJ1mFevVAhR48I34DuF/EoUa7o1KlFpQpagyuZkVYMAsHPIjdp47ZxM9sI4eqeXaeWkA=="
      },
      "KeepAChangeLogParser": {
        "type": "Direct",
        "requested": "[1.2.4, )",
        "resolved": "1.2.4",
        "contentHash": "895vwfwdD52hTtmwZDQgXLlpbMia+vz+ZpkLCs7idBR+XD3mECwRULiBch4+1+7LCCW0FZMxKoG4GOD4VkqO9Q==",
        "dependencies": {
          "CSharpFunctionalExtensions": "2.42.5",
          "Roslynator.Analyzers": "4.12.4"
        }
      },
      "Microsoft.Build.Utilities.Core": {
        "type": "Direct",
        "requested": "[17.11.4, )",
        "resolved": "17.11.4",
        "contentHash": "b2CEJMgVuv5fkhaR6TXjgocIa6YQbseowRj15q3/IyH343EPr+CrxXAZs6Xp6uZDE8A3ynsLPlufFUMkjUl37A==",
        "dependencies": {
          "Microsoft.Build.Framework": "17.11.4",
          "Microsoft.NET.StringTools": "17.11.4",
          "System.Collections.Immutable": "8.0.0",
          "System.Configuration.ConfigurationManager": "8.0.0"
        }
      },
      "Moq": {
        "type": "Direct",
        "requested": "[4.20.72, )",
        "resolved": "4.20.72",
        "contentHash": "EA55cjyNn8eTNWrgrdZJH5QLFp2L43oxl1tlkoYUKIE9pRwL784OWiTXeCV5ApS+AMYEAlt7Fo03A2XfouvHmQ==",
        "dependencies": {
          "Castle.Core": "5.1.1"
        }
      },
      "Shouldly": {
        "type": "Direct",
        "requested": "[4.2.1, )",
        "resolved": "4.2.1",
        "contentHash": "dKAKiSuhLKqD2TXwLKtqNg1nwzJcIKOOMncZjk9LYe4W+h+SCftpWdxwR79YZUIHMH+3Vu9s0s0UHNrgICLwRQ==",
        "dependencies": {
          "DiffEngine": "11.3.0",
          "EmptyFiles": "4.4.0"
        }
      },
      "SimpleExec": {
        "type": "Direct",
        "requested": "[12.0.0, )",
        "resolved": "12.0.0",
        "contentHash": "ptxlWtxC8vM6Y6e3h9ZTxBBkOWnWrm/Sa1HT+2i1xcXY3Hx2hmKDZP5RShPf8Xr9D+ivlrXNy57ktzyH8kyt+Q=="
      },
      "Castle.Core": {
        "type": "Transitive",
        "resolved": "5.1.1",
        "contentHash": "rpYtIczkzGpf+EkZgDr9CClTdemhsrwA/W5hMoPjLkRFnXzH44zDLoovXeKtmxb1ykXK9aJVODSpiJml8CTw2g==",
        "dependencies": {
          "System.Diagnostics.EventLog": "6.0.0"
        }
      },
      "CSharpFunctionalExtensions": {
        "type": "Transitive",
        "resolved": "2.42.5",
        "contentHash": "Do9Q7Nyfx2G4HRt96aB6yoP5Z9ic3jqBHLrf35tULzsWlFoBlkQZT62aXCiv7UmVmF56OUR+a3JoSSs140hfHQ=="
      },
      "DiffEngine": {
        "type": "Transitive",
        "resolved": "11.3.0",
        "contentHash": "k0ZgZqd09jLZQjR8FyQbSQE86Q7QZnjEzq1LPHtj1R2AoWO8sjV5x+jlSisL7NZAbUOI4y+7Bog8gkr9WIRBGw==",
        "dependencies": {
          "EmptyFiles": "4.4.0",
          "System.Management": "6.0.1"
        }
      },
      "EmptyFiles": {
        "type": "Transitive",
        "resolved": "4.4.0",
        "contentHash": "gwJEfIGS7FhykvtZoscwXj/XwW+mJY6UbAZk+qtLKFUGWC95kfKXnj8VkxsZQnWBxJemM/q664rGLN5nf+OHZw=="
      },
      "Fixie": {
        "type": "Transitive",
        "resolved": "3.4.0",
        "contentHash": "Rn+KhQIobYpMC8+S3Fk48wgpo8zljYsgT+M84q5csNJM5AzyVebcIIPAv5DXb+lJuKaOCG3ntpTdTEUPOJAHOA=="
      },
      "Microsoft.Build.Framework": {
        "type": "Transitive",
        "resolved": "17.11.4",
        "contentHash": "u28uDihlqxtt8h2dL1ZJOZ7TRkxBK+HGr+3FgQpILVo7Q7gErkw8mYW9R+RM5PtxvZTdYb/4MWDL66vdIsANBQ=="
      },
      "Microsoft.CodeCoverage": {
        "type": "Transitive",
        "resolved": "17.8.0",
        "contentHash": "KC8SXWbGIdoFVdlxKk9WHccm0llm9HypcHMLUUFabRiTS3SO2fQXNZfdiF3qkEdTJhbRrxhdRxjL4jbtwPq4Ew=="
      },
      "Microsoft.NET.StringTools": {
        "type": "Transitive",
        "resolved": "17.11.4",
        "contentHash": "mudqUHhNpeqIdJoUx2YDWZO/I9uEDYVowan89R6wsomfnUJQk6HteoQTlNjZDixhT2B4IXMkMtgZtoceIjLRmA=="
      },
      "Microsoft.NET.Test.Sdk": {
        "type": "Transitive",
        "resolved": "17.8.0",
        "contentHash": "BmTYGbD/YuDHmApIENdoyN1jCk0Rj1fJB0+B/fVekyTdVidr91IlzhqzytiUgaEAzL1ZJcYCme0MeBMYvJVzvw==",
        "dependencies": {
          "Microsoft.CodeCoverage": "17.8.0",
          "Microsoft.TestPlatform.TestHost": "17.8.0"
        }
      },
      "Microsoft.TestPlatform.ObjectModel": {
        "type": "Transitive",
        "resolved": "17.8.0",
        "contentHash": "AYy6vlpGMfz5kOFq99L93RGbqftW/8eQTqjT9iGXW6s9MRP3UdtY8idJ8rJcjeSja8A18IhIro5YnH3uv1nz4g==",
        "dependencies": {
          "NuGet.Frameworks": "6.5.0",
          "System.Reflection.Metadata": "1.6.0"
        }
      },
      "Microsoft.TestPlatform.TestHost": {
        "type": "Transitive",
        "resolved": "17.8.0",
        "contentHash": "9ivcl/7SGRmOT0YYrHQGohWiT5YCpkmy/UEzldfVisLm6QxbLaK3FAJqZXI34rnRLmqqDCeMQxKINwmKwAPiDw==",
        "dependencies": {
          "Microsoft.TestPlatform.ObjectModel": "17.8.0",
          "Newtonsoft.Json": "13.0.1"
        }
      },
      "Mono.Cecil": {
        "type": "Transitive",
        "resolved": "0.11.5",
        "contentHash": "fxfX+0JGTZ8YQeu1MYjbBiK2CYTSzDyEeIixt+yqKKTn7FW8rv7JMY70qevup4ZJfD7Kk/VG/jDzQQTpfch87g=="
      },
      "Newtonsoft.Json": {
        "type": "Transitive",
        "resolved": "13.0.1",
        "contentHash": "ppPFpBcvxdsfUonNcvITKqLl3bqxWbDCZIzDWHzjpdAHRFfZe0Dw9HmA0+za13IdyrgJwpkDTDA9fHaxOrt20A=="
      },
      "NuGet.Frameworks": {
        "type": "Transitive",
        "resolved": "6.5.0",
        "contentHash": "QWINE2x3MbTODsWT1Gh71GaGb5icBz4chS8VYvTgsBnsi8esgN6wtHhydd7fvToWECYGq7T4cgBBDiKD/363fg=="
      },
      "Roslynator.Analyzers": {
        "type": "Transitive",
        "resolved": "4.12.4",
        "contentHash": "isl8hAh7yFNjyBEC4YlTSi+xGBblqBUC/2MCMmnBPwuXPewb7XYnMRzT3vXbP/gOGwT8hZUOy1g/aRH3lAF/NQ=="
      },
      "System.CodeDom": {
        "type": "Transitive",
        "resolved": "6.0.0",
        "contentHash": "CPc6tWO1LAer3IzfZufDBRL+UZQcj5uS207NHALQzP84Vp/z6wF0Aa0YZImOQY8iStY0A2zI/e3ihKNPfUm8XA=="
      },
      "System.Collections.Immutable": {
        "type": "Transitive",
        "resolved": "8.0.0",
        "contentHash": "AurL6Y5BA1WotzlEvVaIDpqzpIPvYnnldxru8oXJU2yFxFUy3+pNXjXd1ymO+RA0rq0+590Q8gaz2l3Sr7fmqg=="
      },
      "System.Configuration.ConfigurationManager": {
        "type": "Transitive",
        "resolved": "8.0.0",
        "contentHash": "JlYi9XVvIREURRUlGMr1F6vOFLk7YSY4p1vHo4kX3tQ0AGrjqlRWHDi66ImHhy6qwXBG3BJ6Y1QlYQ+Qz6Xgww==",
        "dependencies": {
          "System.Diagnostics.EventLog": "8.0.0",
          "System.Security.Cryptography.ProtectedData": "8.0.0"
        }
      },
      "System.Diagnostics.EventLog": {
        "type": "Transitive",
        "resolved": "8.0.0",
        "contentHash": "fdYxcRjQqTTacKId/2IECojlDSFvp7LP5N78+0z/xH7v/Tuw5ZAxu23Y6PTCRinqyu2ePx+Gn1098NC6jM6d+A=="
      },
      "System.Management": {
        "type": "Transitive",
        "resolved": "6.0.1",
        "contentHash": "10J1D0h/lioojphfJ4Fuh5ZUThT/xOVHdV9roGBittKKNP2PMjrvibEdbVTGZcPra1399Ja3tqIJLyQrc5Wmhg==",
        "dependencies": {
          "System.CodeDom": "6.0.0"
        }
      },
      "System.Reflection.Metadata": {
        "type": "Transitive",
        "resolved": "1.6.0",
        "contentHash": "COC1aiAJjCoA5GBF+QKL2uLqEBew4JsCkQmoHKbN3TlOZKa2fKLz5CpiRQKDz0RsAOEGsVKqOD5bomsXq/4STQ=="
      },
      "System.Security.Cryptography.ProtectedData": {
        "type": "Transitive",
        "resolved": "8.0.0",
        "contentHash": "+TUFINV2q2ifyXauQXRwy4CiBhqvDEDZeVJU7qfxya4aRYOKzVBpN+4acx25VcPB9ywUN6C0n8drWl110PhZEg=="
      },
      "ionide.keepachangelog.tasks": {
        "type": "Project",
        "dependencies": {
          "FsToolkit.ErrorHandling": "[4.16.0, )"
        }
      },
      "FsToolkit.ErrorHandling": {
        "type": "CentralTransitive",
        "requested": "[4.16.0, )",
        "resolved": "4.16.0",
        "contentHash": "GG4LtvJ/UkdyjGQUd+uPYN/g1GNlHyzMPDmwcnYvBn0V1dD4xJiiRE5N8UCgq+TSRQP11NNQUbzpU0zdxkrNbw==",
        "dependencies": {
          "FSharp.Core": "7.0.300"
        }
      }
    }
  }
}